# This file is automatically @generated by Cargo.
# It is not intended for manual editing.
version = 4

[[package]]
name = "amd_uprof"
version = "0.1.2"
dependencies = [
 "amd_uprof-sys",
]

[[package]]
name = "amd_uprof-sys"
version = "0.1.0"
source = "registry+https://github.com/rust-lang/crates.io-index"
checksum = "d727b51e1cb63a0db079f578942e17941769e589cfdc6f4b5d999b2e802e7b9f"
